
Microsoft Visual Studio Solution File, Format Version 12.00
# Visual Studio Version 16
VisualStudioVersion = 16.0.30523.141
MinimumVisualStudioVersion = 10.0.40219.1
Project("{9A19103F-16F7-4668-BE54-9A1E7A4F7556}") = "RSR.IDP", "RSR.IDP\RSR.IDP.csproj", "{31E0357F-3562-4323-8574-67C497A1BDBF}"
EndProject
Project("{9A19103F-16F7-4668-BE54-9A1E7A4F7556}") = "WorkPlaceOnTour.BACKEND", "WorkPlaceOnTour.BACKEND\WorkPlaceOnTour.BACKEND.csproj", "{F46DE806-A296-40CE-BFAA-9003272F5A33}"
EndProject
Global
	GlobalSection(SolutionConfigurationPlatforms) = preSolution
		Debug|Any CPU = Debug|Any CPU
		Release|Any CPU = Release|Any CPU
	EndGlobalSection
	GlobalSection(ProjectConfigurationPlatforms) = postSolution
		{31E0357F-3562-4323-8574-67C497A1BDBF}.Debug|Any CPU.ActiveCfg = Debug|Any CPU
		{31E0357F-3562-4323-8574-67C497A1BDBF}.Debug|Any CPU.Build.0 = Debug|Any CPU
		{31E0357F-3562-4323-8574-67C497A1BDBF}.Release|Any CPU.ActiveCfg = Release|Any CPU
		{31E0357F-3562-4323-8574-67C497A1BDBF}.Release|Any CPU.Build.0 = Release|Any CPU
		{F46DE806-A296-40CE-BFAA-9003272F5A33}.Debug|Any CPU.ActiveCfg = Debug|Any CPU
		{F46DE806-A296-40CE-BFAA-9003272F5A33}.Debug|Any CPU.Build.0 = Debug|Any CPU
		{F46DE806-A296-40CE-BFAA-9003272F5A33}.Release|Any CPU.ActiveCfg = Release|Any CPU
		{F46DE806-A296-40CE-BFAA-9003272F5A33}.Release|Any CPU.Build.0 = Release|Any CPU
	EndGlobalSection
	GlobalSection(SolutionProperties) = preSolution
		HideSolutionNode = FALSE
	EndGlobalSection
	GlobalSection(ExtensibilityGlobals) = postSolution
		SolutionGuid = {6B7D510C-0587-4349-91B3-D2EAB8AD9323}
	EndGlobalSection
EndGlobal
